// !$*UTF8*$!
{
	archiveVersion = 1;
	classes = {
	};
	objectVersion = 50;
	objects = {

/* Begin PBXBuildFile section */
		7A0D1FDC25E003D900CC5EE3 /* NavigationCoordinator.m in Sources */ = {isa = PBXBuildFile; fileRef = 7A0D1FDB25E003D900CC5EE3 /* NavigationCoordinator.m */; settings = {COMPILER_FLAGS = "-fobjc-arc"; }; };
		7A0D1FE225E0109300CC5EE3 /* NSArray+RRValidateIndex.m in Sources */ = {isa = PBXBuildFile; fileRef = 7A0D1FE125E0109300CC5EE3 /* NSArray+RRValidateIndex.m */; settings = {COMPILER_FLAGS = "-fobjc-arc"; }; };
		7A1AEE592562BC1700BFBA5C /* AppDelegate.m in Sources */ = {isa = PBXBuildFile; fileRef = 7A1AEE582562BC1700BFBA5C /* AppDelegate.m */; };
		7A1AEE642562BC1A00BFBA5C /* Assets.xcassets in Resources */ = {isa = PBXBuildFile; fileRef = 7A1AEE632562BC1A00BFBA5C /* Assets.xcassets */; };
		7A1AEE672562BC1A00BFBA5C /* LaunchScreen.storyboard in Resources */ = {isa = PBXBuildFile; fileRef = 7A1AEE652562BC1A00BFBA5C /* LaunchScreen.storyboard */; };
		7A1AEE6A2562BC1A00BFBA5C /* main.m in Sources */ = {isa = PBXBuildFile; fileRef = 7A1AEE692562BC1A00BFBA5C /* main.m */; };
		7A1AEE962562BC8D00BFBA5C /* RSSReader.rtf in Resources */ = {isa = PBXBuildFile; fileRef = 7A1AEE952562BC8D00BFBA5C /* RSSReader.rtf */; };
		7A3608E825E42D80002E7449 /* UIBarButtonItem+ASBlockInit.m in Sources */ = {isa = PBXBuildFile; fileRef = 7A3608E725E42D80002E7449 /* UIBarButtonItem+ASBlockInit.m */; settings = {COMPILER_FLAGS = "-fobjc-arc"; }; };
		7A3C7A5D2577D4EA006C4CD7 /* FeedNetworkService.m in Sources */ = {isa = PBXBuildFile; fileRef = 7A92154525640A65003430CD /* FeedNetworkService.m */; };
		7A3C7A7E2577FB8E006C4CD7 /* UIAlertController+RRErrorAlert.m in Sources */ = {isa = PBXBuildFile; fileRef = 7A3C7A7C2577FB8E006C4CD7 /* UIAlertController+RRErrorAlert.m */; };
		7A5920A925C845620051154B /* SettingsStoreTests.m in Sources */ = {isa = PBXBuildFile; fileRef = 7A5920A825C845620051154B /* SettingsStoreTests.m */; };
		7A5920CA25C845A30051154B /* SettingsStore.m in Sources */ = {isa = PBXBuildFile; fileRef = 7A5920C925C845A30051154B /* SettingsStore.m */; settings = {COMPILER_FLAGS = "-fobjc-arc"; }; };
		7A5920CB25C845A30051154B /* SettingsStore.m in Sources */ = {isa = PBXBuildFile; fileRef = 7A5920C925C845A30051154B /* SettingsStore.m */; };
		7A5920D325C845C80051154B /* RSSChannel.m in Sources */ = {isa = PBXBuildFile; fileRef = 7A5920D225C845C80051154B /* RSSChannel.m */; settings = {COMPILER_FLAGS = "-fobjc-arc"; }; };
		7A5920D425C845C80051154B /* RSSChannel.m in Sources */ = {isa = PBXBuildFile; fileRef = 7A5920D225C845C80051154B /* RSSChannel.m */; };
		7A5920EA25C8493C0051154B /* SiteValidatorTests.m in Sources */ = {isa = PBXBuildFile; fileRef = 7A5920E925C8493C0051154B /* SiteValidatorTests.m */; };
		7A5920FA25C849A50051154B /* URLValidator.m in Sources */ = {isa = PBXBuildFile; fileRef = 7A5920F325C849A50051154B /* URLValidator.m */; };
		7A5920FB25C849A50051154B /* URLValidator.m in Sources */ = {isa = PBXBuildFile; fileRef = 7A5920F325C849A50051154B /* URLValidator.m */; };
		7A59211025C849B40051154B /* AutodiscoveryHTMLParserTests.m in Sources */ = {isa = PBXBuildFile; fileRef = 7A59210725C849B40051154B /* AutodiscoveryHTMLParserTests.m */; };
		7A59211125C849B40051154B /* withoutTags.html in Resources */ = {isa = PBXBuildFile; fileRef = 7A59210A25C849B40051154B /* withoutTags.html */; };
		7A59211225C849B40051154B /* nytimes.com.html in Resources */ = {isa = PBXBuildFile; fileRef = 7A59210B25C849B40051154B /* nytimes.com.html */; };
		7A59211325C849B40051154B /* onliner.by.html in Resources */ = {isa = PBXBuildFile; fileRef = 7A59210C25C849B40051154B /* onliner.by.html */; };
		7A59211425C849B40051154B /* tut.by.html in Resources */ = {isa = PBXBuildFile; fileRef = 7A59210D25C849B40051154B /* tut.by.html */; };
		7A59211525C849B40051154B /* HTMLDataMock.m in Sources */ = {isa = PBXBuildFile; fileRef = 7A59210F25C849B40051154B /* HTMLDataMock.m */; };
		7A59216525C84E680051154B /* SelectChannelViewCell.m in Sources */ = {isa = PBXBuildFile; fileRef = 7A59216125C84E680051154B /* SelectChannelViewCell.m */; settings = {COMPILER_FLAGS = "-fobjc-arc"; }; };
		7A59216F25C84E860051154B /* RSSChannelParser.m in Sources */ = {isa = PBXBuildFile; fileRef = 7A59216D25C84E860051154B /* RSSChannelParser.m */; settings = {COMPILER_FLAGS = "-fobjc-arc"; }; };
		7A59217025C84E860051154B /* AutodiscoveryRSS.m in Sources */ = {isa = PBXBuildFile; fileRef = 7A59216E25C84E860051154B /* AutodiscoveryRSS.m */; settings = {COMPILER_FLAGS = "-fobjc-arc"; }; };
		7A59217825C84F990051154B /* AsyncOperation.m in Sources */ = {isa = PBXBuildFile; fileRef = 7A59217725C84F990051154B /* AsyncOperation.m */; };
		7A59217E25C84FB10051154B /* DownloadOperation.m in Sources */ = {isa = PBXBuildFile; fileRef = 7A59217D25C84FB10051154B /* DownloadOperation.m */; settings = {COMPILER_FLAGS = "-fobjc-arc"; }; };
		7A59218825C850B80051154B /* ChannelTableViewCell.m in Sources */ = {isa = PBXBuildFile; fileRef = 7A59218425C850B80051154B /* ChannelTableViewCell.m */; settings = {COMPILER_FLAGS = "-fobjc-arc"; }; };
		7A59218925C850B80051154B /* ChannelsViewController.m in Sources */ = {isa = PBXBuildFile; fileRef = 7A59218525C850B80051154B /* ChannelsViewController.m */; };
		7A59219325C8582A0051154B /* SplitCoordinator.m in Sources */ = {isa = PBXBuildFile; fileRef = 7A59219225C8582A0051154B /* SplitCoordinator.m */; settings = {COMPILER_FLAGS = "-fobjc-arc"; }; };
		7A59219925C8584F0051154B /* ChannelsPresenter.m in Sources */ = {isa = PBXBuildFile; fileRef = 7A59219825C8584E0051154B /* ChannelsPresenter.m */; settings = {COMPILER_FLAGS = "-fobjc-arc"; }; };
		7A59219F25C8586F0051154B /* SearchChannelsPresenter.m in Sources */ = {isa = PBXBuildFile; fileRef = 7A59219E25C8586F0051154B /* SearchChannelsPresenter.m */; settings = {COMPILER_FLAGS = "-fobjc-arc"; }; };
		7A5921A425C858D40051154B /* AutodiscoveryHTMLParser.m in Sources */ = {isa = PBXBuildFile; fileRef = 7A5921A325C858D40051154B /* AutodiscoveryHTMLParser.m */; };
		7A5921AB25C859030051154B /* ChannelsLocalStorageService.m in Sources */ = {isa = PBXBuildFile; fileRef = 7A5921AA25C859030051154B /* ChannelsLocalStorageService.m */; };
		7A5921B225C859420051154B /* SearchChannelsController.m in Sources */ = {isa = PBXBuildFile; fileRef = 7A5921B125C859420051154B /* SearchChannelsController.m */; };
		7A92155A256414FC003430CD /* AtomParser.m in Sources */ = {isa = PBXBuildFile; fileRef = 7A921559256414FC003430CD /* AtomParser.m */; };
		7A92156A25642050003430CD /* FeedPresenter.m in Sources */ = {isa = PBXBuildFile; fileRef = 7A9844892563FE2F009F6AC0 /* FeedPresenter.m */; };
		7A98449B25640007009F6AC0 /* FeedTableViewController.m in Sources */ = {isa = PBXBuildFile; fileRef = 7A98449925640007009F6AC0 /* FeedTableViewController.m */; };
		7A9844A825640258009F6AC0 /* FeedCoordinator.m in Sources */ = {isa = PBXBuildFile; fileRef = 7A9844A725640258009F6AC0 /* FeedCoordinator.m */; };
		7A9E734325DD4C81005D7A22 /* ChannelsCoordinator.m in Sources */ = {isa = PBXBuildFile; fileRef = 7A59213C25C84D9E0051154B /* ChannelsCoordinator.m */; settings = {COMPILER_FLAGS = "-fobjc-arc"; }; };
		7AAD275825647BCB00270FE9 /* AtomFeedItem.m in Sources */ = {isa = PBXBuildFile; fileRef = 7A9844792563FC66009F6AC0 /* AtomFeedItem.m */; settings = {COMPILER_FLAGS = "-fobjc-arc"; }; };
		7AB2A51D256D0B9900E38106 /* NSDateFormatter+AtomItemPubDate.m in Sources */ = {isa = PBXBuildFile; fileRef = 7AB2A51C256D0B9900E38106 /* NSDateFormatter+AtomItemPubDate.m */; };
		7AB2A522256D0C9800E38106 /* NSDate+AtomItemPubDate.m in Sources */ = {isa = PBXBuildFile; fileRef = 7AB2A517256CFBC200E38106 /* NSDate+AtomItemPubDate.m */; settings = {COMPILER_FLAGS = "-fobjc-arc"; }; };
		7AB2A527256D0D7100E38106 /* NSString+AtomItemPubDate.m in Sources */ = {isa = PBXBuildFile; fileRef = 7AB2A526256D0D7100E38106 /* NSString+AtomItemPubDate.m */; settings = {COMPILER_FLAGS = "-fobjc-arc"; }; };
		7AB2A52E256D280200E38106 /* AtomFeedItemTests.m in Sources */ = {isa = PBXBuildFile; fileRef = 7AB2A52D256D280200E38106 /* AtomFeedItemTests.m */; };
		7AB2A531256D283C00E38106 /* AtomFeedItem.m in Sources */ = {isa = PBXBuildFile; fileRef = 7A9844792563FC66009F6AC0 /* AtomFeedItem.m */; };
		7AB2A536256D30A000E38106 /* UITableView+RegisterCell.m in Sources */ = {isa = PBXBuildFile; fileRef = 7AB2A535256D30A000E38106 /* UITableView+RegisterCell.m */; };
		7AB2A549256D410500E38106 /* NSXMLParser+AtomParser.m in Sources */ = {isa = PBXBuildFile; fileRef = 7AB2A548256D410500E38106 /* NSXMLParser+AtomParser.m */; };
		7AC3409725703D99006A6185 /* NSString+AtomItemPubDate.m in Sources */ = {isa = PBXBuildFile; fileRef = 7AB2A526256D0D7100E38106 /* NSString+AtomItemPubDate.m */; };
		7AD6B17D25BF8ADD00E3946B /* LoadingView.m in Sources */ = {isa = PBXBuildFile; fileRef = 7AD6B17B25BF8ADD00E3946B /* LoadingView.m */; };
		7AE88C1025B1D9340038084D /* AtomItemTableViewCell.m in Sources */ = {isa = PBXBuildFile; fileRef = 7AE88C0D25B1D9330038084D /* AtomItemTableViewCell.m */; settings = {COMPILER_FLAGS = "-fobjc-arc"; }; };
		7AE88C1125B1D9340038084D /* AtomItemTableViewCell.xib in Resources */ = {isa = PBXBuildFile; fileRef = 7AE88C0F25B1D9340038084D /* AtomItemTableViewCell.xib */; };
		7AE88C1725B1DA950038084D /* NSString+RR_HTMLTags.m in Sources */ = {isa = PBXBuildFile; fileRef = 7AE88C1525B1DA950038084D /* NSString+RR_HTMLTags.m */; };
		7AE88C1F25B1DD2F0038084D /* RRBrowserViewController.m in Sources */ = {isa = PBXBuildFile; fileRef = 7AE88C1E25B1DD2F0038084D /* RRBrowserViewController.m */; settings = {COMPILER_FLAGS = "-fobjc-arc"; }; };
		7AEC9EEB25E275DC00E75913 /* Localizable.strings in Resources */ = {isa = PBXBuildFile; fileRef = 7AEC9EE925E275DC00E75913 /* Localizable.strings */; };
		7AEFFD7B25CADBEF005C05C0 /* AutodiscoveryHTMLParser.m in Sources */ = {isa = PBXBuildFile; fileRef = 7A5921A325C858D40051154B /* AutodiscoveryHTMLParser.m */; };
/* End PBXBuildFile section */

/* Begin PBXContainerItemProxy section */
		7A1AEE702562BC1A00BFBA5C /* PBXContainerItemProxy */ = {
			isa = PBXContainerItemProxy;
			containerPortal = 7A1AEE4C2562BC1700BFBA5C /* Project object */;
			proxyType = 1;
			remoteGlobalIDString = 7A1AEE532562BC1700BFBA5C;
			remoteInfo = RSSReader;
		};
/* End PBXContainerItemProxy section */

/* Begin PBXFileReference section */
		7A0D1FDA25E003D900CC5EE3 /* NavigationCoordinator.h */ = {isa = PBXFileReference; lastKnownFileType = sourcecode.c.h; path = NavigationCoordinator.h; sourceTree = "<group>"; };
		7A0D1FDB25E003D900CC5EE3 /* NavigationCoordinator.m */ = {isa = PBXFileReference; lastKnownFileType = sourcecode.c.objc; path = NavigationCoordinator.m; sourceTree = "<group>"; };
		7A0D1FE025E0109300CC5EE3 /* NSArray+RRValidateIndex.h */ = {isa = PBXFileReference; lastKnownFileType = sourcecode.c.h; path = "NSArray+RRValidateIndex.h"; sourceTree = "<group>"; };
		7A0D1FE125E0109300CC5EE3 /* NSArray+RRValidateIndex.m */ = {isa = PBXFileReference; lastKnownFileType = sourcecode.c.objc; path = "NSArray+RRValidateIndex.m"; sourceTree = "<group>"; };
		7A1AEE542562BC1700BFBA5C /* RSSReader.app */ = {isa = PBXFileReference; explicitFileType = wrapper.application; includeInIndex = 0; path = RSSReader.app; sourceTree = BUILT_PRODUCTS_DIR; };
		7A1AEE572562BC1700BFBA5C /* AppDelegate.h */ = {isa = PBXFileReference; lastKnownFileType = sourcecode.c.h; path = AppDelegate.h; sourceTree = "<group>"; };
		7A1AEE582562BC1700BFBA5C /* AppDelegate.m */ = {isa = PBXFileReference; lastKnownFileType = sourcecode.c.objc; path = AppDelegate.m; sourceTree = "<group>"; };
		7A1AEE632562BC1A00BFBA5C /* Assets.xcassets */ = {isa = PBXFileReference; lastKnownFileType = folder.assetcatalog; path = Assets.xcassets; sourceTree = "<group>"; };
		7A1AEE682562BC1A00BFBA5C /* Info.plist */ = {isa = PBXFileReference; lastKnownFileType = text.plist.xml; path = Info.plist; sourceTree = "<group>"; };
		7A1AEE692562BC1A00BFBA5C /* main.m */ = {isa = PBXFileReference; lastKnownFileType = sourcecode.c.objc; path = main.m; sourceTree = "<group>"; };
		7A1AEE6F2562BC1A00BFBA5C /* RSSReaderTests.xctest */ = {isa = PBXFileReference; explicitFileType = wrapper.cfbundle; includeInIndex = 0; path = RSSReaderTests.xctest; sourceTree = BUILT_PRODUCTS_DIR; };
		7A1AEE752562BC1A00BFBA5C /* Info.plist */ = {isa = PBXFileReference; lastKnownFileType = text.plist.xml; path = Info.plist; sourceTree = "<group>"; };
		7A1AEE952562BC8D00BFBA5C /* RSSReader.rtf */ = {isa = PBXFileReference; fileEncoding = 4; lastKnownFileType = text.rtf; path = RSSReader.rtf; sourceTree = "<group>"; };
		7A3608E625E42D80002E7449 /* UIBarButtonItem+ASBlockInit.h */ = {isa = PBXFileReference; lastKnownFileType = sourcecode.c.h; path = "UIBarButtonItem+ASBlockInit.h"; sourceTree = "<group>"; };
		7A3608E725E42D80002E7449 /* UIBarButtonItem+ASBlockInit.m */ = {isa = PBXFileReference; lastKnownFileType = sourcecode.c.objc; path = "UIBarButtonItem+ASBlockInit.m"; sourceTree = "<group>"; };
		7A3608EE25E42DFC002E7449 /* Base */ = {isa = PBXFileReference; lastKnownFileType = file.storyboard; name = Base; path = Base.lproj/LaunchScreen.storyboard; sourceTree = "<group>"; };
		7A3C7A7C2577FB8E006C4CD7 /* UIAlertController+RRErrorAlert.m */ = {isa = PBXFileReference; fileEncoding = 4; lastKnownFileType = sourcecode.c.objc; path = "UIAlertController+RRErrorAlert.m"; sourceTree = "<group>"; };
		7A3C7A7D2577FB8E006C4CD7 /* UIAlertController+RRErrorAlert.h */ = {isa = PBXFileReference; fileEncoding = 4; lastKnownFileType = sourcecode.c.h; path = "UIAlertController+RRErrorAlert.h"; sourceTree = "<group>"; };
		7A5920A825C845620051154B /* SettingsStoreTests.m */ = {isa = PBXFileReference; fileEncoding = 4; lastKnownFileType = sourcecode.c.objc; path = SettingsStoreTests.m; sourceTree = "<group>"; };
		7A5920C825C845A30051154B /* SettingsStore.h */ = {isa = PBXFileReference; fileEncoding = 4; lastKnownFileType = sourcecode.c.h; path = SettingsStore.h; sourceTree = "<group>"; };
		7A5920C925C845A30051154B /* SettingsStore.m */ = {isa = PBXFileReference; fileEncoding = 4; lastKnownFileType = sourcecode.c.objc; path = SettingsStore.m; sourceTree = "<group>"; };
		7A5920D125C845C80051154B /* RSSChannel.h */ = {isa = PBXFileReference; fileEncoding = 4; lastKnownFileType = sourcecode.c.h; path = RSSChannel.h; sourceTree = "<group>"; };
		7A5920D225C845C80051154B /* RSSChannel.m */ = {isa = PBXFileReference; fileEncoding = 4; lastKnownFileType = sourcecode.c.objc; path = RSSChannel.m; sourceTree = "<group>"; };
		7A5920E925C8493C0051154B /* SiteValidatorTests.m */ = {isa = PBXFileReference; fileEncoding = 4; lastKnownFileType = sourcecode.c.objc; path = SiteValidatorTests.m; sourceTree = "<group>"; };
		7A5920F325C849A50051154B /* URLValidator.m */ = {isa = PBXFileReference; fileEncoding = 4; lastKnownFileType = sourcecode.c.objc; path = URLValidator.m; sourceTree = "<group>"; };
		7A5920F725C849A50051154B /* AutodiscoveryHTMLParser.h */ = {isa = PBXFileReference; fileEncoding = 4; lastKnownFileType = sourcecode.c.h; path = AutodiscoveryHTMLParser.h; sourceTree = "<group>"; };
		7A5920F925C849A50051154B /* URLValidator.h */ = {isa = PBXFileReference; fileEncoding = 4; lastKnownFileType = sourcecode.c.h; path = URLValidator.h; sourceTree = "<group>"; };
		7A59210725C849B40051154B /* AutodiscoveryHTMLParserTests.m */ = {isa = PBXFileReference; fileEncoding = 4; lastKnownFileType = sourcecode.c.objc; path = AutodiscoveryHTMLParserTests.m; sourceTree = "<group>"; };
		7A59210A25C849B40051154B /* withoutTags.html */ = {isa = PBXFileReference; fileEncoding = 4; lastKnownFileType = text.html; path = withoutTags.html; sourceTree = "<group>"; };
		7A59210B25C849B40051154B /* nytimes.com.html */ = {isa = PBXFileReference; fileEncoding = 4; lastKnownFileType = text.html; path = nytimes.com.html; sourceTree = "<group>"; };
		7A59210C25C849B40051154B /* onliner.by.html */ = {isa = PBXFileReference; fileEncoding = 4; lastKnownFileType = text.html; path = onliner.by.html; sourceTree = "<group>"; };
		7A59210D25C849B40051154B /* tut.by.html */ = {isa = PBXFileReference; fileEncoding = 4; lastKnownFileType = text.html; path = tut.by.html; sourceTree = "<group>"; };
		7A59210E25C849B40051154B /* HTMLDataMock.h */ = {isa = PBXFileReference; fileEncoding = 4; lastKnownFileType = sourcecode.c.h; path = HTMLDataMock.h; sourceTree = "<group>"; };
		7A59210F25C849B40051154B /* HTMLDataMock.m */ = {isa = PBXFileReference; fileEncoding = 4; lastKnownFileType = sourcecode.c.objc; path = HTMLDataMock.m; sourceTree = "<group>"; };
		7A59213825C84D9E0051154B /* SplitCoordinator.h */ = {isa = PBXFileReference; fileEncoding = 4; lastKnownFileType = sourcecode.c.h; path = SplitCoordinator.h; sourceTree = "<group>"; };
		7A59213B25C84D9E0051154B /* ChannelsCoordinator.h */ = {isa = PBXFileReference; fileEncoding = 4; lastKnownFileType = sourcecode.c.h; path = ChannelsCoordinator.h; sourceTree = "<group>"; };
		7A59213C25C84D9E0051154B /* ChannelsCoordinator.m */ = {isa = PBXFileReference; fileEncoding = 4; lastKnownFileType = sourcecode.c.objc; path = ChannelsCoordinator.m; sourceTree = "<group>"; };
		7A59214525C84DE60051154B /* SearchChannelsPresenterType.h */ = {isa = PBXFileReference; fileEncoding = 4; lastKnownFileType = sourcecode.c.h; path = SearchChannelsPresenterType.h; sourceTree = "<group>"; };
		7A59214625C84DE60051154B /* SearchChannelsServiceType.h */ = {isa = PBXFileReference; fileEncoding = 4; lastKnownFileType = sourcecode.c.h; path = SearchChannelsServiceType.h; sourceTree = "<group>"; };
		7A59214825C84DE60051154B /* SearchChannelsPresenter.h */ = {isa = PBXFileReference; fileEncoding = 4; lastKnownFileType = sourcecode.c.h; path = SearchChannelsPresenter.h; sourceTree = "<group>"; };
		7A59214C25C84DE70051154B /* ChannelsPresenter.h */ = {isa = PBXFileReference; fileEncoding = 4; lastKnownFileType = sourcecode.c.h; path = ChannelsPresenter.h; sourceTree = "<group>"; };
		7A59214E25C84DE70051154B /* ChannelsPresenterType.h */ = {isa = PBXFileReference; fileEncoding = 4; lastKnownFileType = sourcecode.c.h; path = ChannelsPresenterType.h; sourceTree = "<group>"; };
		7A59214F25C84DE70051154B /* ChannelsViewType.h */ = {isa = PBXFileReference; fileEncoding = 4; lastKnownFileType = sourcecode.c.h; path = ChannelsViewType.h; sourceTree = "<group>"; };
		7A59215925C84E130051154B /* ChannelsLocalStorageServiceType.h */ = {isa = PBXFileReference; fileEncoding = 4; lastKnownFileType = sourcecode.c.h; path = ChannelsLocalStorageServiceType.h; sourceTree = "<group>"; };
		7A59216125C84E680051154B /* SelectChannelViewCell.m */ = {isa = PBXFileReference; fileEncoding = 4; lastKnownFileType = sourcecode.c.objc; path = SelectChannelViewCell.m; sourceTree = "<group>"; };
		7A59216325C84E680051154B /* SelectChannelViewCell.h */ = {isa = PBXFileReference; fileEncoding = 4; lastKnownFileType = sourcecode.c.h; path = SelectChannelViewCell.h; sourceTree = "<group>"; };
		7A59216B25C84E860051154B /* RSSChannelParser.h */ = {isa = PBXFileReference; fileEncoding = 4; lastKnownFileType = sourcecode.c.h; path = RSSChannelParser.h; sourceTree = "<group>"; };
		7A59216C25C84E860051154B /* AutodiscoveryRSS.h */ = {isa = PBXFileReference; fileEncoding = 4; lastKnownFileType = sourcecode.c.h; path = AutodiscoveryRSS.h; sourceTree = "<group>"; };
		7A59216D25C84E860051154B /* RSSChannelParser.m */ = {isa = PBXFileReference; fileEncoding = 4; lastKnownFileType = sourcecode.c.objc; path = RSSChannelParser.m; sourceTree = "<group>"; };
		7A59216E25C84E860051154B /* AutodiscoveryRSS.m */ = {isa = PBXFileReference; fileEncoding = 4; lastKnownFileType = sourcecode.c.objc; path = AutodiscoveryRSS.m; sourceTree = "<group>"; };
		7A59217625C84F990051154B /* AsyncOperation.h */ = {isa = PBXFileReference; fileEncoding = 4; lastKnownFileType = sourcecode.c.h; path = AsyncOperation.h; sourceTree = "<group>"; };
		7A59217725C84F990051154B /* AsyncOperation.m */ = {isa = PBXFileReference; fileEncoding = 4; lastKnownFileType = sourcecode.c.objc; path = AsyncOperation.m; sourceTree = "<group>"; };
		7A59217C25C84FB10051154B /* DownloadOperation.h */ = {isa = PBXFileReference; fileEncoding = 4; lastKnownFileType = sourcecode.c.h; path = DownloadOperation.h; sourceTree = "<group>"; };
		7A59217D25C84FB10051154B /* DownloadOperation.m */ = {isa = PBXFileReference; fileEncoding = 4; lastKnownFileType = sourcecode.c.objc; path = DownloadOperation.m; sourceTree = "<group>"; };
		7A59218425C850B80051154B /* ChannelTableViewCell.m */ = {isa = PBXFileReference; fileEncoding = 4; lastKnownFileType = sourcecode.c.objc; path = ChannelTableViewCell.m; sourceTree = "<group>"; };
		7A59218525C850B80051154B /* ChannelsViewController.m */ = {isa = PBXFileReference; fileEncoding = 4; lastKnownFileType = sourcecode.c.objc; path = ChannelsViewController.m; sourceTree = "<group>"; };
		7A59218625C850B80051154B /* ChannelTableViewCell.h */ = {isa = PBXFileReference; fileEncoding = 4; lastKnownFileType = sourcecode.c.h; path = ChannelTableViewCell.h; sourceTree = "<group>"; };
		7A59218725C850B80051154B /* ChannelsViewController.h */ = {isa = PBXFileReference; fileEncoding = 4; lastKnownFileType = sourcecode.c.h; path = ChannelsViewController.h; sourceTree = "<group>"; };
		7A59219225C8582A0051154B /* SplitCoordinator.m */ = {isa = PBXFileReference; fileEncoding = 4; lastKnownFileType = sourcecode.c.objc; path = SplitCoordinator.m; sourceTree = "<group>"; };
		7A59219825C8584E0051154B /* ChannelsPresenter.m */ = {isa = PBXFileReference; fileEncoding = 4; lastKnownFileType = sourcecode.c.objc; path = ChannelsPresenter.m; sourceTree = "<group>"; };
		7A59219E25C8586F0051154B /* SearchChannelsPresenter.m */ = {isa = PBXFileReference; fileEncoding = 4; lastKnownFileType = sourcecode.c.objc; path = SearchChannelsPresenter.m; sourceTree = "<group>"; };
		7A5921A225C858960051154B /* SearchChannelsViewType.h */ = {isa = PBXFileReference; lastKnownFileType = sourcecode.c.h; path = SearchChannelsViewType.h; sourceTree = "<group>"; };
		7A5921A325C858D40051154B /* AutodiscoveryHTMLParser.m */ = {isa = PBXFileReference; fileEncoding = 4; lastKnownFileType = sourcecode.c.objc; path = AutodiscoveryHTMLParser.m; sourceTree = "<group>"; };
		7A5921A925C859030051154B /* ChannelsLocalStorageService.h */ = {isa = PBXFileReference; fileEncoding = 4; lastKnownFileType = sourcecode.c.h; path = ChannelsLocalStorageService.h; sourceTree = "<group>"; };
		7A5921AA25C859030051154B /* ChannelsLocalStorageService.m */ = {isa = PBXFileReference; fileEncoding = 4; lastKnownFileType = sourcecode.c.objc; path = ChannelsLocalStorageService.m; sourceTree = "<group>"; };
		7A5921B025C859420051154B /* SearchChannelsController.h */ = {isa = PBXFileReference; fileEncoding = 4; lastKnownFileType = sourcecode.c.h; path = SearchChannelsController.h; sourceTree = "<group>"; };
		7A5921B125C859420051154B /* SearchChannelsController.m */ = {isa = PBXFileReference; fileEncoding = 4; lastKnownFileType = sourcecode.c.objc; path = SearchChannelsController.m; sourceTree = "<group>"; };
		7A9215412564073A003430CD /* FeedNetworkServiceType.h */ = {isa = PBXFileReference; lastKnownFileType = sourcecode.c.h; path = FeedNetworkServiceType.h; sourceTree = "<group>"; };
		7A92154425640A65003430CD /* FeedNetworkService.h */ = {isa = PBXFileReference; lastKnownFileType = sourcecode.c.h; path = FeedNetworkService.h; sourceTree = "<group>"; };
		7A92154525640A65003430CD /* FeedNetworkService.m */ = {isa = PBXFileReference; lastKnownFileType = sourcecode.c.objc; path = FeedNetworkService.m; sourceTree = "<group>"; };
		7A92155725641437003430CD /* FeedParserType.h */ = {isa = PBXFileReference; lastKnownFileType = sourcecode.c.h; path = FeedParserType.h; sourceTree = "<group>"; };
		7A921558256414FC003430CD /* AtomParser.h */ = {isa = PBXFileReference; lastKnownFileType = sourcecode.c.h; path = AtomParser.h; sourceTree = "<group>"; };
		7A921559256414FC003430CD /* AtomParser.m */ = {isa = PBXFileReference; lastKnownFileType = sourcecode.c.objc; path = AtomParser.m; sourceTree = "<group>"; };
		7A9844762563FBDD009F6AC0 /* FeedPresenterType.h */ = {isa = PBXFileReference; lastKnownFileType = sourcecode.c.h; path = FeedPresenterType.h; sourceTree = "<group>"; };
		7A9844772563FC13009F6AC0 /* FeedViewType.h */ = {isa = PBXFileReference; lastKnownFileType = sourcecode.c.h; path = FeedViewType.h; sourceTree = "<group>"; };
		7A9844782563FC66009F6AC0 /* AtomFeedItem.h */ = {isa = PBXFileReference; lastKnownFileType = sourcecode.c.h; path = AtomFeedItem.h; sourceTree = "<group>"; };
		7A9844792563FC66009F6AC0 /* AtomFeedItem.m */ = {isa = PBXFileReference; lastKnownFileType = sourcecode.c.objc; path = AtomFeedItem.m; sourceTree = "<group>"; };
		7A9844882563FE2F009F6AC0 /* FeedPresenter.h */ = {isa = PBXFileReference; lastKnownFileType = sourcecode.c.h; path = FeedPresenter.h; sourceTree = "<group>"; };
		7A9844892563FE2F009F6AC0 /* FeedPresenter.m */ = {isa = PBXFileReference; lastKnownFileType = sourcecode.c.objc; path = FeedPresenter.m; sourceTree = "<group>"; };
		7A98449825640007009F6AC0 /* FeedTableViewController.h */ = {isa = PBXFileReference; lastKnownFileType = sourcecode.c.h; path = FeedTableViewController.h; sourceTree = "<group>"; };
		7A98449925640007009F6AC0 /* FeedTableViewController.m */ = {isa = PBXFileReference; lastKnownFileType = sourcecode.c.objc; path = FeedTableViewController.m; sourceTree = "<group>"; };
		7A9844A625640258009F6AC0 /* FeedCoordinator.h */ = {isa = PBXFileReference; lastKnownFileType = sourcecode.c.h; path = FeedCoordinator.h; sourceTree = "<group>"; };
		7A9844A725640258009F6AC0 /* FeedCoordinator.m */ = {isa = PBXFileReference; lastKnownFileType = sourcecode.c.objc; path = FeedCoordinator.m; sourceTree = "<group>"; };
		7A9C99282575973400EC76E6 /* CoordinatorType.h */ = {isa = PBXFileReference; lastKnownFileType = sourcecode.c.h; path = CoordinatorType.h; sourceTree = "<group>"; };
		7AB2A516256CFBC200E38106 /* NSDate+AtomItemPubDate.h */ = {isa = PBXFileReference; lastKnownFileType = sourcecode.c.h; path = "NSDate+AtomItemPubDate.h"; sourceTree = "<group>"; };
		7AB2A517256CFBC200E38106 /* NSDate+AtomItemPubDate.m */ = {isa = PBXFileReference; lastKnownFileType = sourcecode.c.objc; path = "NSDate+AtomItemPubDate.m"; sourceTree = "<group>"; };
		7AB2A51B256D0B9900E38106 /* NSDateFormatter+AtomItemPubDate.h */ = {isa = PBXFileReference; lastKnownFileType = sourcecode.c.h; path = "NSDateFormatter+AtomItemPubDate.h"; sourceTree = "<group>"; };
		7AB2A51C256D0B9900E38106 /* NSDateFormatter+AtomItemPubDate.m */ = {isa = PBXFileReference; lastKnownFileType = sourcecode.c.objc; path = "NSDateFormatter+AtomItemPubDate.m"; sourceTree = "<group>"; };
		7AB2A525256D0D7100E38106 /* NSString+AtomItemPubDate.h */ = {isa = PBXFileReference; lastKnownFileType = sourcecode.c.h; path = "NSString+AtomItemPubDate.h"; sourceTree = "<group>"; };
		7AB2A526256D0D7100E38106 /* NSString+AtomItemPubDate.m */ = {isa = PBXFileReference; lastKnownFileType = sourcecode.c.objc; path = "NSString+AtomItemPubDate.m"; sourceTree = "<group>"; };
		7AB2A52D256D280200E38106 /* AtomFeedItemTests.m */ = {isa = PBXFileReference; lastKnownFileType = sourcecode.c.objc; path = AtomFeedItemTests.m; sourceTree = "<group>"; };
		7AB2A534256D30A000E38106 /* UITableView+RegisterCell.h */ = {isa = PBXFileReference; lastKnownFileType = sourcecode.c.h; path = "UITableView+RegisterCell.h"; sourceTree = "<group>"; };
		7AB2A535256D30A000E38106 /* UITableView+RegisterCell.m */ = {isa = PBXFileReference; lastKnownFileType = sourcecode.c.objc; path = "UITableView+RegisterCell.m"; sourceTree = "<group>"; };
		7AB2A547256D410500E38106 /* NSXMLParser+AtomParser.h */ = {isa = PBXFileReference; lastKnownFileType = sourcecode.c.h; path = "NSXMLParser+AtomParser.h"; sourceTree = "<group>"; };
		7AB2A548256D410500E38106 /* NSXMLParser+AtomParser.m */ = {isa = PBXFileReference; lastKnownFileType = sourcecode.c.objc; path = "NSXMLParser+AtomParser.m"; sourceTree = "<group>"; };
		7AD6B17B25BF8ADD00E3946B /* LoadingView.m */ = {isa = PBXFileReference; fileEncoding = 4; lastKnownFileType = sourcecode.c.objc; path = LoadingView.m; sourceTree = "<group>"; };
		7AD6B17C25BF8ADD00E3946B /* LoadingView.h */ = {isa = PBXFileReference; fileEncoding = 4; lastKnownFileType = sourcecode.c.h; path = LoadingView.h; sourceTree = "<group>"; };
		7AE88C0C25B1D9330038084D /* AtomItemCellDelegate.h */ = {isa = PBXFileReference; fileEncoding = 4; lastKnownFileType = sourcecode.c.h; path = AtomItemCellDelegate.h; sourceTree = "<group>"; };
		7AE88C0D25B1D9330038084D /* AtomItemTableViewCell.m */ = {isa = PBXFileReference; fileEncoding = 4; lastKnownFileType = sourcecode.c.objc; path = AtomItemTableViewCell.m; sourceTree = "<group>"; };
		7AE88C0E25B1D9330038084D /* AtomItemTableViewCell.h */ = {isa = PBXFileReference; fileEncoding = 4; lastKnownFileType = sourcecode.c.h; path = AtomItemTableViewCell.h; sourceTree = "<group>"; };
		7AE88C0F25B1D9340038084D /* AtomItemTableViewCell.xib */ = {isa = PBXFileReference; fileEncoding = 4; lastKnownFileType = file.xib; path = AtomItemTableViewCell.xib; sourceTree = "<group>"; };
		7AE88C1525B1DA950038084D /* NSString+RR_HTMLTags.m */ = {isa = PBXFileReference; fileEncoding = 4; lastKnownFileType = sourcecode.c.objc; path = "NSString+RR_HTMLTags.m"; sourceTree = "<group>"; };
		7AE88C1625B1DA950038084D /* NSString+RR_HTMLTags.h */ = {isa = PBXFileReference; fileEncoding = 4; lastKnownFileType = sourcecode.c.h; path = "NSString+RR_HTMLTags.h"; sourceTree = "<group>"; };
		7AE88C1D25B1DD2F0038084D /* RRBrowserViewController.h */ = {isa = PBXFileReference; fileEncoding = 4; lastKnownFileType = sourcecode.c.h; path = RRBrowserViewController.h; sourceTree = "<group>"; };
		7AE88C1E25B1DD2F0038084D /* RRBrowserViewController.m */ = {isa = PBXFileReference; fileEncoding = 4; lastKnownFileType = sourcecode.c.objc; path = RRBrowserViewController.m; sourceTree = "<group>"; };
		7AEC9EEE25E2766900E75913 /* ru */ = {isa = PBXFileReference; lastKnownFileType = text.plist.strings; name = ru; path = ru.lproj/Localizable.strings; sourceTree = "<group>"; };
		7AEC9EF225E276FA00E75913 /* en */ = {isa = PBXFileReference; lastKnownFileType = text.plist.strings; name = en; path = en.lproj/Localizable.strings; sourceTree = "<group>"; };
/* End PBXFileReference section */

/* Begin PBXFrameworksBuildPhase section */
		7A1AEE512562BC1700BFBA5C /* Frameworks */ = {
			isa = PBXFrameworksBuildPhase;
			buildActionMask = 2147483647;
			files = (
			);
			runOnlyForDeploymentPostprocessing = 0;
		};
		7A1AEE6C2562BC1A00BFBA5C /* Frameworks */ = {
			isa = PBXFrameworksBuildPhase;
			buildActionMask = 2147483647;
			files = (
			);
			runOnlyForDeploymentPostprocessing = 0;
		};
/* End PBXFrameworksBuildPhase section */

/* Begin PBXGroup section */
		7A0D1FDF25E0076300CC5EE3 /* NavigationCoordinator */ = {
			isa = PBXGroup;
			children = (
				7A0D1FDA25E003D900CC5EE3 /* NavigationCoordinator.h */,
				7A0D1FDB25E003D900CC5EE3 /* NavigationCoordinator.m */,
			);
			path = NavigationCoordinator;
			sourceTree = "<group>";
		};
		7A0D1FE525E0114800CC5EE3 /* NSArray+RRValidateIndex */ = {
			isa = PBXGroup;
			children = (
				7A0D1FE025E0109300CC5EE3 /* NSArray+RRValidateIndex.h */,
				7A0D1FE125E0109300CC5EE3 /* NSArray+RRValidateIndex.m */,
			);
			path = "NSArray+RRValidateIndex";
			sourceTree = "<group>";
		};
		7A1AEE4B2562BC1700BFBA5C = {
			isa = PBXGroup;
			children = (
				7A1AEE8F2562BC3F00BFBA5C /* ROADMAP */,
				7A1AEE562562BC1700BFBA5C /* RSSReader */,
				7A1AEE722562BC1A00BFBA5C /* RSSReaderTests */,
				7A1AEE552562BC1700BFBA5C /* Products */,
			);
			sourceTree = "<group>";
		};
		7A1AEE552562BC1700BFBA5C /* Products */ = {
			isa = PBXGroup;
			children = (
				7A1AEE542562BC1700BFBA5C /* RSSReader.app */,
				7A1AEE6F2562BC1A00BFBA5C /* RSSReaderTests.xctest */,
			);
			name = Products;
			sourceTree = "<group>";
		};
		7A1AEE562562BC1700BFBA5C /* RSSReader */ = {
			isa = PBXGroup;
			children = (
				7A5530DB256300E3001797D2 /* Application */,
				7A59213425C84D870051154B /* Coordinators */,
				7A59215F25C84E380051154B /* ViewControllers */,
				7A3C7A812577FB94006C4CD7 /* Helpers */,
				7A1AEE682562BC1A00BFBA5C /* Info.plist */,
				7A9844872563FE09009F6AC0 /* Model */,
				7AAD274F256470B900270FE9 /* Presenter */,
				7A5920EF25C849680051154B /* Services */,
			);
			path = RSSReader;
			sourceTree = "<group>";
		};
		7A1AEE722562BC1A00BFBA5C /* RSSReaderTests */ = {
			isa = PBXGroup;
			children = (
				7AB2A52D256D280200E38106 /* AtomFeedItemTests.m */,
				7A59210625C849B40051154B /* AutodiscoveryHTMLParser */,
				7A1AEE752562BC1A00BFBA5C /* Info.plist */,
				7A5920A825C845620051154B /* SettingsStoreTests.m */,
				7A5920E925C8493C0051154B /* SiteValidatorTests.m */,
			);
			path = RSSReaderTests;
			sourceTree = "<group>";
		};
		7A1AEE8F2562BC3F00BFBA5C /* ROADMAP */ = {
			isa = PBXGroup;
			children = (
				7A1AEE952562BC8D00BFBA5C /* RSSReader.rtf */,
			);
			path = ROADMAP;
			sourceTree = "<group>";
		};
		7A3608EB25E42D93002E7449 /* UIBarButtonItem+ASBlockInit */ = {
			isa = PBXGroup;
			children = (
				7A3608E625E42D80002E7449 /* UIBarButtonItem+ASBlockInit.h */,
				7A3608E725E42D80002E7449 /* UIBarButtonItem+ASBlockInit.m */,
			);
			path = "UIBarButtonItem+ASBlockInit";
			sourceTree = "<group>";
		};
		7A3C7A7B2577FB8E006C4CD7 /* UIAlertController+Alert */ = {
			isa = PBXGroup;
			children = (
				7A3C7A7D2577FB8E006C4CD7 /* UIAlertController+RRErrorAlert.h */,
				7A3C7A7C2577FB8E006C4CD7 /* UIAlertController+RRErrorAlert.m */,
			);
			path = "UIAlertController+Alert";
			sourceTree = "<group>";
		};
		7A3C7A812577FB94006C4CD7 /* Helpers */ = {
			isa = PBXGroup;
			children = (
				7A59217525C84F990051154B /* AsyncOperation */,
				7A59217B25C84FB10051154B /* DownloadOperation */,
				7A0D1FE525E0114800CC5EE3 /* NSArray+RRValidateIndex */,
				7AE88C1425B1DA950038084D /* NSString+RR_HTMLTags */,
				7AB2A52A256D0F1500E38106 /* PubDateHelpers */,
				7A3C7A7B2577FB8E006C4CD7 /* UIAlertController+Alert */,
				7A3608EB25E42D93002E7449 /* UIBarButtonItem+ASBlockInit */,
				7AB2A542256D35E500E38106 /* UITableView Helpers */,
			);
			path = Helpers;
			sourceTree = "<group>";
		};
		7A5530DB256300E3001797D2 /* Application */ = {
			isa = PBXGroup;
			children = (
				7A1AEE572562BC1700BFBA5C /* AppDelegate.h */,
				7A1AEE582562BC1700BFBA5C /* AppDelegate.m */,
				7A1AEE632562BC1A00BFBA5C /* Assets.xcassets */,
				7A1AEE652562BC1A00BFBA5C /* LaunchScreen.storyboard */,
				7A1AEE692562BC1A00BFBA5C /* main.m */,
				7AEC9EE925E275DC00E75913 /* Localizable.strings */,
			);
			path = Application;
			sourceTree = "<group>";
		};
		7A5920D025C845C80051154B /* RSSChannel */ = {
			isa = PBXGroup;
			children = (
				7A5920D125C845C80051154B /* RSSChannel.h */,
				7A5920D225C845C80051154B /* RSSChannel.m */,
			);
			path = RSSChannel;
			sourceTree = "<group>";
		};
		7A5920DF25C848940051154B /* AtomFeedItem */ = {
			isa = PBXGroup;
			children = (
				7A9844782563FC66009F6AC0 /* AtomFeedItem.h */,
				7A9844792563FC66009F6AC0 /* AtomFeedItem.m */,
			);
			path = AtomFeedItem;
			sourceTree = "<group>";
		};
		7A5920E425C848A40051154B /* SettingsStore */ = {
			isa = PBXGroup;
			children = (
				7A5920C825C845A30051154B /* SettingsStore.h */,
				7A5920C925C845A30051154B /* SettingsStore.m */,
			);
			path = SettingsStore;
			sourceTree = "<group>";
		};
		7A5920EF25C849680051154B /* Services */ = {
			isa = PBXGroup;
			children = (
				7A5920F025C849A50051154B /* AutodiscoveryRSS */,
				7A59215625C84E130051154B /* ChannelsLocalStorageService */,
				7A92154925640AA0003430CD /* FeedNetworkService */,
			);
			path = Services;
			sourceTree = "<group>";
		};
		7A5920F025C849A50051154B /* AutodiscoveryRSS */ = {
			isa = PBXGroup;
			children = (
				7A5920F625C849A50051154B /* AutodiscoveryHTMLParser */,
				7A59216C25C84E860051154B /* AutodiscoveryRSS.h */,
				7A59216E25C84E860051154B /* AutodiscoveryRSS.m */,
				7A59216B25C84E860051154B /* RSSChannelParser.h */,
				7A59216D25C84E860051154B /* RSSChannelParser.m */,
				7A5920F925C849A50051154B /* URLValidator.h */,
				7A5920F325C849A50051154B /* URLValidator.m */,
			);
			path = AutodiscoveryRSS;
			sourceTree = "<group>";
		};
		7A5920F625C849A50051154B /* AutodiscoveryHTMLParser */ = {
			isa = PBXGroup;
			children = (
				7A5920F725C849A50051154B /* AutodiscoveryHTMLParser.h */,
				7A5921A325C858D40051154B /* AutodiscoveryHTMLParser.m */,
			);
			path = AutodiscoveryHTMLParser;
			sourceTree = "<group>";
		};
		7A59210625C849B40051154B /* AutodiscoveryHTMLParser */ = {
			isa = PBXGroup;
			children = (
				7A59210725C849B40051154B /* AutodiscoveryHTMLParserTests.m */,
				7A59210825C849B40051154B /* HTMLDataMock */,
			);
			path = AutodiscoveryHTMLParser;
			sourceTree = "<group>";
		};
		7A59210825C849B40051154B /* HTMLDataMock */ = {
			isa = PBXGroup;
			children = (
				7A59210925C849B40051154B /* HTML */,
				7A59210E25C849B40051154B /* HTMLDataMock.h */,
				7A59210F25C849B40051154B /* HTMLDataMock.m */,
			);
			path = HTMLDataMock;
			sourceTree = "<group>";
		};
		7A59210925C849B40051154B /* HTML */ = {
			isa = PBXGroup;
			children = (
				7A59210A25C849B40051154B /* withoutTags.html */,
				7A59210B25C849B40051154B /* nytimes.com.html */,
				7A59210C25C849B40051154B /* onliner.by.html */,
				7A59210D25C849B40051154B /* tut.by.html */,
			);
			path = HTML;
			sourceTree = "<group>";
		};
		7A59213425C84D870051154B /* Coordinators */ = {
			isa = PBXGroup;
			children = (
				7A59213A25C84D9E0051154B /* ChannelsCoordinator */,
				7A9844AB25640264009F6AC0 /* FeedCoordinator */,
				7A0D1FDF25E0076300CC5EE3 /* NavigationCoordinator */,
				7A59213725C84D9E0051154B /* SplitCoordinator */,
			);
			path = Coordinators;
			sourceTree = "<group>";
		};
		7A59213725C84D9E0051154B /* SplitCoordinator */ = {
			isa = PBXGroup;
			children = (
				7A59213825C84D9E0051154B /* SplitCoordinator.h */,
				7A59219225C8582A0051154B /* SplitCoordinator.m */,
			);
			path = SplitCoordinator;
			sourceTree = "<group>";
		};
		7A59213A25C84D9E0051154B /* ChannelsCoordinator */ = {
			isa = PBXGroup;
			children = (
				7A59213B25C84D9E0051154B /* ChannelsCoordinator.h */,
				7A59213C25C84D9E0051154B /* ChannelsCoordinator.m */,
			);
			path = ChannelsCoordinator;
			sourceTree = "<group>";
		};
		7A59214325C84DE60051154B /* SearchChannelsPresenterTypes */ = {
			isa = PBXGroup;
			children = (
				7A59214525C84DE60051154B /* SearchChannelsPresenterType.h */,
				7A59214625C84DE60051154B /* SearchChannelsServiceType.h */,
				7A5921A225C858960051154B /* SearchChannelsViewType.h */,
			);
			path = SearchChannelsPresenterTypes;
			sourceTree = "<group>";
		};
		7A59214725C84DE60051154B /* SearchChannelsPresenter */ = {
			isa = PBXGroup;
			children = (
				7A59214825C84DE60051154B /* SearchChannelsPresenter.h */,
				7A59219E25C8586F0051154B /* SearchChannelsPresenter.m */,
			);
			path = SearchChannelsPresenter;
			sourceTree = "<group>";
		};
		7A59214A25C84DE70051154B /* ChannelsPresenter */ = {
			isa = PBXGroup;
			children = (
				7A59214C25C84DE70051154B /* ChannelsPresenter.h */,
				7A59219825C8584E0051154B /* ChannelsPresenter.m */,
			);
			path = ChannelsPresenter;
			sourceTree = "<group>";
		};
		7A59214D25C84DE70051154B /* ChannelPresenterTypes */ = {
			isa = PBXGroup;
			children = (
				7A59214E25C84DE70051154B /* ChannelsPresenterType.h */,
				7A59214F25C84DE70051154B /* ChannelsViewType.h */,
			);
			path = ChannelPresenterTypes;
			sourceTree = "<group>";
		};
		7A59215625C84E130051154B /* ChannelsLocalStorageService */ = {
			isa = PBXGroup;
			children = (
				7A5921A925C859030051154B /* ChannelsLocalStorageService.h */,
				7A5921AA25C859030051154B /* ChannelsLocalStorageService.m */,
				7A59215925C84E130051154B /* ChannelsLocalStorageServiceType.h */,
			);
			path = ChannelsLocalStorageService;
			sourceTree = "<group>";
		};
		7A59215F25C84E380051154B /* ViewControllers */ = {
			isa = PBXGroup;
			children = (
				7A59218325C850B80051154B /* ChannelsViewController */,
				7A9844A125640018009F6AC0 /* FeedTableViewController */,
				7AE88C1C25B1DD2F0038084D /* RRBrowserViewController */,
				7A59216025C84E680051154B /* SearchChannelsController */,
			);
			path = ViewControllers;
			sourceTree = "<group>";
		};
		7A59216025C84E680051154B /* SearchChannelsController */ = {
			isa = PBXGroup;
			children = (
				7A5921B025C859420051154B /* SearchChannelsController.h */,
				7A5921B125C859420051154B /* SearchChannelsController.m */,
				7A59216325C84E680051154B /* SelectChannelViewCell.h */,
				7A59216125C84E680051154B /* SelectChannelViewCell.m */,
			);
			path = SearchChannelsController;
			sourceTree = "<group>";
		};
		7A59217525C84F990051154B /* AsyncOperation */ = {
			isa = PBXGroup;
			children = (
				7A59217625C84F990051154B /* AsyncOperation.h */,
				7A59217725C84F990051154B /* AsyncOperation.m */,
			);
			path = AsyncOperation;
			sourceTree = "<group>";
		};
		7A59217B25C84FB10051154B /* DownloadOperation */ = {
			isa = PBXGroup;
			children = (
				7A59217C25C84FB10051154B /* DownloadOperation.h */,
				7A59217D25C84FB10051154B /* DownloadOperation.m */,
			);
			path = DownloadOperation;
			sourceTree = "<group>";
		};
		7A59218325C850B80051154B /* ChannelsViewController */ = {
			isa = PBXGroup;
			children = (
				7A59218725C850B80051154B /* ChannelsViewController.h */,
				7A59218525C850B80051154B /* ChannelsViewController.m */,
				7A59218625C850B80051154B /* ChannelTableViewCell.h */,
				7A59218425C850B80051154B /* ChannelTableViewCell.m */,
			);
			path = ChannelsViewController;
			sourceTree = "<group>";
		};
		7A79985F256565E8004EE025 /* AtomItemTableViewCell */ = {
			isa = PBXGroup;
			children = (
				7AE88C0C25B1D9330038084D /* AtomItemCellDelegate.h */,
				7AE88C0E25B1D9330038084D /* AtomItemTableViewCell.h */,
				7AE88C0D25B1D9330038084D /* AtomItemTableViewCell.m */,
				7AE88C0F25B1D9340038084D /* AtomItemTableViewCell.xib */,
			);
			path = AtomItemTableViewCell;
			sourceTree = "<group>";
		};
		7A92154925640AA0003430CD /* FeedNetworkService */ = {
			isa = PBXGroup;
			children = (
				7A92154425640A65003430CD /* FeedNetworkService.h */,
				7A92154525640A65003430CD /* FeedNetworkService.m */,
				7A92155F25641544003430CD /* NetworkTypes */,
				7A921562256418CC003430CD /* Parser */,
			);
			path = FeedNetworkService;
			sourceTree = "<group>";
		};
		7A92155F25641544003430CD /* NetworkTypes */ = {
			isa = PBXGroup;
			children = (
				7A9215412564073A003430CD /* FeedNetworkServiceType.h */,
				7A92155725641437003430CD /* FeedParserType.h */,
			);
			path = NetworkTypes;
			sourceTree = "<group>";
		};
		7A921562256418CC003430CD /* Parser */ = {
			isa = PBXGroup;
			children = (
				7A921558256414FC003430CD /* AtomParser.h */,
				7A921559256414FC003430CD /* AtomParser.m */,
				7AB2A54C256D42B700E38106 /* NSXMLParser */,
			);
			path = Parser;
			sourceTree = "<group>";
		};
		7A9844862563FDF4009F6AC0 /* FeedPresenterTypes */ = {
			isa = PBXGroup;
			children = (
				7A9844762563FBDD009F6AC0 /* FeedPresenterType.h */,
				7A9844772563FC13009F6AC0 /* FeedViewType.h */,
			);
			path = FeedPresenterTypes;
			sourceTree = "<group>";
		};
		7A9844872563FE09009F6AC0 /* Model */ = {
			isa = PBXGroup;
			children = (
				7A5920DF25C848940051154B /* AtomFeedItem */,
				7A5920D025C845C80051154B /* RSSChannel */,
				7A5920E425C848A40051154B /* SettingsStore */,
			);
			path = Model;
			sourceTree = "<group>";
		};
		7A98448F2563FE77009F6AC0 /* FeedPresenter */ = {
			isa = PBXGroup;
			children = (
				7A9844882563FE2F009F6AC0 /* FeedPresenter.h */,
				7A9844892563FE2F009F6AC0 /* FeedPresenter.m */,
			);
			path = FeedPresenter;
			sourceTree = "<group>";
		};
		7A9844A125640018009F6AC0 /* FeedTableViewController */ = {
			isa = PBXGroup;
			children = (
				7A79985F256565E8004EE025 /* AtomItemTableViewCell */,
				7A98449825640007009F6AC0 /* FeedTableViewController.h */,
				7A98449925640007009F6AC0 /* FeedTableViewController.m */,
				7AD6B17C25BF8ADD00E3946B /* LoadingView.h */,
				7AD6B17B25BF8ADD00E3946B /* LoadingView.m */,
			);
			path = FeedTableViewController;
			sourceTree = "<group>";
		};
		7A9844AB25640264009F6AC0 /* FeedCoordinator */ = {
			isa = PBXGroup;
			children = (
				7A9C99282575973400EC76E6 /* CoordinatorType.h */,
				7A9844A625640258009F6AC0 /* FeedCoordinator.h */,
				7A9844A725640258009F6AC0 /* FeedCoordinator.m */,
			);
			path = FeedCoordinator;
			sourceTree = "<group>";
		};
		7AAD274F256470B900270FE9 /* Presenter */ = {
			isa = PBXGroup;
			children = (
				7A59214D25C84DE70051154B /* ChannelPresenterTypes */,
				7A59214A25C84DE70051154B /* ChannelsPresenter */,
				7A98448F2563FE77009F6AC0 /* FeedPresenter */,
				7A9844862563FDF4009F6AC0 /* FeedPresenterTypes */,
				7A59214725C84DE60051154B /* SearchChannelsPresenter */,
				7A59214325C84DE60051154B /* SearchChannelsPresenterTypes */,
			);
			path = Presenter;
			sourceTree = "<group>";
		};
		7AB2A52A256D0F1500E38106 /* PubDateHelpers */ = {
			isa = PBXGroup;
			children = (
				7AB2A516256CFBC200E38106 /* NSDate+AtomItemPubDate.h */,
				7AB2A517256CFBC200E38106 /* NSDate+AtomItemPubDate.m */,
				7AB2A51B256D0B9900E38106 /* NSDateFormatter+AtomItemPubDate.h */,
				7AB2A51C256D0B9900E38106 /* NSDateFormatter+AtomItemPubDate.m */,
				7AB2A525256D0D7100E38106 /* NSString+AtomItemPubDate.h */,
				7AB2A526256D0D7100E38106 /* NSString+AtomItemPubDate.m */,
			);
			path = PubDateHelpers;
			sourceTree = "<group>";
		};
		7AB2A542256D35E500E38106 /* UITableView Helpers */ = {
			isa = PBXGroup;
			children = (
				7AB2A534256D30A000E38106 /* UITableView+RegisterCell.h */,
				7AB2A535256D30A000E38106 /* UITableView+RegisterCell.m */,
			);
			path = "UITableView Helpers";
			sourceTree = "<group>";
		};
		7AB2A54C256D42B700E38106 /* NSXMLParser */ = {
			isa = PBXGroup;
			children = (
				7AB2A547256D410500E38106 /* NSXMLParser+AtomParser.h */,
				7AB2A548256D410500E38106 /* NSXMLParser+AtomParser.m */,
			);
			path = NSXMLParser;
			sourceTree = "<group>";
		};
		7AE88C1425B1DA950038084D /* NSString+RR_HTMLTags */ = {
			isa = PBXGroup;
			children = (
				7AE88C1625B1DA950038084D /* NSString+RR_HTMLTags.h */,
				7AE88C1525B1DA950038084D /* NSString+RR_HTMLTags.m */,
			);
			path = "NSString+RR_HTMLTags";
			sourceTree = "<group>";
		};
		7AE88C1C25B1DD2F0038084D /* RRBrowserViewController */ = {
			isa = PBXGroup;
			children = (
				7AE88C1D25B1DD2F0038084D /* RRBrowserViewController.h */,
				7AE88C1E25B1DD2F0038084D /* RRBrowserViewController.m */,
			);
			path = RRBrowserViewController;
			sourceTree = "<group>";
		};
/* End PBXGroup section */

/* Begin PBXNativeTarget section */
		7A1AEE532562BC1700BFBA5C /* RSSReader */ = {
			isa = PBXNativeTarget;
			buildConfigurationList = 7A1AEE832562BC1A00BFBA5C /* Build configuration list for PBXNativeTarget "RSSReader" */;
			buildPhases = (
				7A1AEE502562BC1700BFBA5C /* Sources */,
				7A1AEE512562BC1700BFBA5C /* Frameworks */,
				7A1AEE522562BC1700BFBA5C /* Resources */,
			);
			buildRules = (
			);
			dependencies = (
			);
			name = RSSReader;
			productName = RSSReader;
			productReference = 7A1AEE542562BC1700BFBA5C /* RSSReader.app */;
			productType = "com.apple.product-type.application";
		};
		7A1AEE6E2562BC1A00BFBA5C /* RSSReaderTests */ = {
			isa = PBXNativeTarget;
			buildConfigurationList = 7A1AEE862562BC1A00BFBA5C /* Build configuration list for PBXNativeTarget "RSSReaderTests" */;
			buildPhases = (
				7A1AEE6B2562BC1A00BFBA5C /* Sources */,
				7A1AEE6C2562BC1A00BFBA5C /* Frameworks */,
				7A1AEE6D2562BC1A00BFBA5C /* Resources */,
			);
			buildRules = (
			);
			dependencies = (
				7A1AEE712562BC1A00BFBA5C /* PBXTargetDependency */,
			);
			name = RSSReaderTests;
			productName = RSSReaderTests;
			productReference = 7A1AEE6F2562BC1A00BFBA5C /* RSSReaderTests.xctest */;
			productType = "com.apple.product-type.bundle.unit-test";
		};
/* End PBXNativeTarget section */

/* Begin PBXProject section */
		7A1AEE4C2562BC1700BFBA5C /* Project object */ = {
			isa = PBXProject;
			attributes = {
				LastUpgradeCheck = 1220;
				TargetAttributes = {
					7A1AEE532562BC1700BFBA5C = {
						CreatedOnToolsVersion = 12.2;
					};
					7A1AEE6E2562BC1A00BFBA5C = {
						CreatedOnToolsVersion = 12.2;
					};
				};
			};
			buildConfigurationList = 7A1AEE4F2562BC1700BFBA5C /* Build configuration list for PBXProject "RSSReader" */;
			compatibilityVersion = "Xcode 9.3";
			developmentRegion = en;
			hasScannedForEncodings = 0;
			knownRegions = (
				en,
				ru,
				Base,
			);
			mainGroup = 7A1AEE4B2562BC1700BFBA5C;
			productRefGroup = 7A1AEE552562BC1700BFBA5C /* Products */;
			projectDirPath = "";
			projectRoot = "";
			targets = (
				7A1AEE532562BC1700BFBA5C /* RSSReader */,
				7A1AEE6E2562BC1A00BFBA5C /* RSSReaderTests */,
			);
		};
/* End PBXProject section */

/* Begin PBXResourcesBuildPhase section */
		7A1AEE522562BC1700BFBA5C /* Resources */ = {
			isa = PBXResourcesBuildPhase;
			buildActionMask = 2147483647;
			files = (
				7A1AEE672562BC1A00BFBA5C /* LaunchScreen.storyboard in Resources */,
				7AEC9EEB25E275DC00E75913 /* Localizable.strings in Resources */,
				7AE88C1125B1D9340038084D /* AtomItemTableViewCell.xib in Resources */,
				7A1AEE642562BC1A00BFBA5C /* Assets.xcassets in Resources */,
				7A1AEE962562BC8D00BFBA5C /* RSSReader.rtf in Resources */,
			);
			runOnlyForDeploymentPostprocessing = 0;
		};
		7A1AEE6D2562BC1A00BFBA5C /* Resources */ = {
			isa = PBXResourcesBuildPhase;
			buildActionMask = 2147483647;
			files = (
				7A59211425C849B40051154B /* tut.by.html in Resources */,
				7A59211325C849B40051154B /* onliner.by.html in Resources */,
				7A59211125C849B40051154B /* withoutTags.html in Resources */,
				7A59211225C849B40051154B /* nytimes.com.html in Resources */,
			);
			runOnlyForDeploymentPostprocessing = 0;
		};
/* End PBXResourcesBuildPhase section */

/* Begin PBXSourcesBuildPhase section */
		7A1AEE502562BC1700BFBA5C /* Sources */ = {
			isa = PBXSourcesBuildPhase;
			buildActionMask = 2147483647;
			files = (
				7A59219325C8582A0051154B /* SplitCoordinator.m in Sources */,
				7A3C7A5D2577D4EA006C4CD7 /* FeedNetworkService.m in Sources */,
				7A0D1FDC25E003D900CC5EE3 /* NavigationCoordinator.m in Sources */,
				7AD6B17D25BF8ADD00E3946B /* LoadingView.m in Sources */,
				7AE88C1F25B1DD2F0038084D /* RRBrowserViewController.m in Sources */,
				7A92155A256414FC003430CD /* AtomParser.m in Sources */,
				7AE88C1025B1D9340038084D /* AtomItemTableViewCell.m in Sources */,
				7A5921A425C858D40051154B /* AutodiscoveryHTMLParser.m in Sources */,
				7A0D1FE225E0109300CC5EE3 /* NSArray+RRValidateIndex.m in Sources */,
				7A1AEE592562BC1700BFBA5C /* AppDelegate.m in Sources */,
				7AB2A522256D0C9800E38106 /* NSDate+AtomItemPubDate.m in Sources */,
				7A98449B25640007009F6AC0 /* FeedTableViewController.m in Sources */,
				7A3608E825E42D80002E7449 /* UIBarButtonItem+ASBlockInit.m in Sources */,
				7A5920FA25C849A50051154B /* URLValidator.m in Sources */,
				7A59216F25C84E860051154B /* RSSChannelParser.m in Sources */,
				7AB2A549256D410500E38106 /* NSXMLParser+AtomParser.m in Sources */,
				7A59218825C850B80051154B /* ChannelTableViewCell.m in Sources */,
				7A92156A25642050003430CD /* FeedPresenter.m in Sources */,
				7A5920CA25C845A30051154B /* SettingsStore.m in Sources */,
				7A5921B225C859420051154B /* SearchChannelsController.m in Sources */,
				7A59217025C84E860051154B /* AutodiscoveryRSS.m in Sources */,
				7AB2A536256D30A000E38106 /* UITableView+RegisterCell.m in Sources */,
				7A59217E25C84FB10051154B /* DownloadOperation.m in Sources */,
				7A59217825C84F990051154B /* AsyncOperation.m in Sources */,
				7AB2A527256D0D7100E38106 /* NSString+AtomItemPubDate.m in Sources */,
				7A5921AB25C859030051154B /* ChannelsLocalStorageService.m in Sources */,
				7A59216525C84E680051154B /* SelectChannelViewCell.m in Sources */,
				7A9844A825640258009F6AC0 /* FeedCoordinator.m in Sources */,
				7AAD275825647BCB00270FE9 /* AtomFeedItem.m in Sources */,
				7A59218925C850B80051154B /* ChannelsViewController.m in Sources */,
				7A59219925C8584F0051154B /* ChannelsPresenter.m in Sources */,
				7AB2A51D256D0B9900E38106 /* NSDateFormatter+AtomItemPubDate.m in Sources */,
				7A9E734325DD4C81005D7A22 /* ChannelsCoordinator.m in Sources */,
				7A3C7A7E2577FB8E006C4CD7 /* UIAlertController+RRErrorAlert.m in Sources */,
				7A59219F25C8586F0051154B /* SearchChannelsPresenter.m in Sources */,
				7A1AEE6A2562BC1A00BFBA5C /* main.m in Sources */,
				7A5920D325C845C80051154B /* RSSChannel.m in Sources */,
				7AE88C1725B1DA950038084D /* NSString+RR_HTMLTags.m in Sources */,
			);
			runOnlyForDeploymentPostprocessing = 0;
		};
		7A1AEE6B2562BC1A00BFBA5C /* Sources */ = {
			isa = PBXSourcesBuildPhase;
			buildActionMask = 2147483647;
			files = (
				7A5920CB25C845A30051154B /* SettingsStore.m in Sources */,
				7A5920A925C845620051154B /* SettingsStoreTests.m in Sources */,
				7AEFFD7B25CADBEF005C05C0 /* AutodiscoveryHTMLParser.m in Sources */,
				7A5920FB25C849A50051154B /* URLValidator.m in Sources */,
				7AC3409725703D99006A6185 /* NSString+AtomItemPubDate.m in Sources */,
				7A59211525C849B40051154B /* HTMLDataMock.m in Sources */,
				7A5920EA25C8493C0051154B /* SiteValidatorTests.m in Sources */,
				7A5920D425C845C80051154B /* RSSChannel.m in Sources */,
				7AB2A52E256D280200E38106 /* AtomFeedItemTests.m in Sources */,
				7AB2A531256D283C00E38106 /* AtomFeedItem.m in Sources */,
				7A59211025C849B40051154B /* AutodiscoveryHTMLParserTests.m in Sources */,
			);
			runOnlyForDeploymentPostprocessing = 0;
		};
/* End PBXSourcesBuildPhase section */

/* Begin PBXTargetDependency section */
		7A1AEE712562BC1A00BFBA5C /* PBXTargetDependency */ = {
			isa = PBXTargetDependency;
			target = 7A1AEE532562BC1700BFBA5C /* RSSReader */;
			targetProxy = 7A1AEE702562BC1A00BFBA5C /* PBXContainerItemProxy */;
		};
/* End PBXTargetDependency section */

/* Begin PBXVariantGroup section */
		7A1AEE652562BC1A00BFBA5C /* LaunchScreen.storyboard */ = {
			isa = PBXVariantGroup;
			children = (
				7A3608EE25E42DFC002E7449 /* Base */,
			);
			name = LaunchScreen.storyboard;
			sourceTree = "<group>";
		};
		7AEC9EE925E275DC00E75913 /* Localizable.strings */ = {
			isa = PBXVariantGroup;
			children = (
				7AEC9EEE25E2766900E75913 /* ru */,
				7AEC9EF225E276FA00E75913 /* en */,
			);
			name = Localizable.strings;
			sourceTree = "<group>";
		};
/* End PBXVariantGroup section */

/* Begin XCBuildConfiguration section */
		7A1AEE812562BC1A00BFBA5C /* Debug */ = {
			isa = XCBuildConfiguration;
			buildSettings = {
				ALWAYS_SEARCH_USER_PATHS = NO;
				CLANG_ANALYZER_LOCALIZABILITY_NONLOCALIZED = YES;
				CLANG_ANALYZER_NONNULL = YES;
				CLANG_ANALYZER_NUMBER_OBJECT_CONVERSION = YES_AGGRESSIVE;
				CLANG_CXX_LANGUAGE_STANDARD = "gnu++14";
				CLANG_CXX_LIBRARY = "libc++";
				CLANG_ENABLE_MODULES = YES;
				CLANG_ENABLE_OBJC_ARC = NO;
				CLANG_ENABLE_OBJC_WEAK = YES;
				CLANG_WARN_BLOCK_CAPTURE_AUTORELEASING = YES;
				CLANG_WARN_BOOL_CONVERSION = YES;
				CLANG_WARN_COMMA = YES;
				CLANG_WARN_CONSTANT_CONVERSION = YES;
				CLANG_WARN_DEPRECATED_OBJC_IMPLEMENTATIONS = YES;
				CLANG_WARN_DIRECT_OBJC_ISA_USAGE = YES_ERROR;
				CLANG_WARN_DOCUMENTATION_COMMENTS = YES;
				CLANG_WARN_EMPTY_BODY = YES;
				CLANG_WARN_ENUM_CONVERSION = YES;
				CLANG_WARN_INFINITE_RECURSION = YES;
				CLANG_WARN_INT_CONVERSION = YES;
				CLANG_WARN_NON_LITERAL_NULL_CONVERSION = YES;
				CLANG_WARN_OBJC_IMPLICIT_RETAIN_SELF = YES;
				CLANG_WARN_OBJC_LITERAL_CONVERSION = YES;
				CLANG_WARN_OBJC_ROOT_CLASS = YES_ERROR;
				CLANG_WARN_QUOTED_INCLUDE_IN_FRAMEWORK_HEADER = YES;
				CLANG_WARN_RANGE_LOOP_ANALYSIS = YES;
				CLANG_WARN_STRICT_PROTOTYPES = YES;
				CLANG_WARN_SUSPICIOUS_MOVE = YES;
				CLANG_WARN_UNGUARDED_AVAILABILITY = YES_AGGRESSIVE;
				CLANG_WARN_UNREACHABLE_CODE = YES;
				CLANG_WARN__DUPLICATE_METHOD_MATCH = YES;
				COPY_PHASE_STRIP = NO;
				DEBUG_INFORMATION_FORMAT = dwarf;
				ENABLE_STRICT_OBJC_MSGSEND = YES;
				ENABLE_TESTABILITY = YES;
				GCC_C_LANGUAGE_STANDARD = gnu11;
				GCC_DYNAMIC_NO_PIC = NO;
				GCC_NO_COMMON_BLOCKS = YES;
				GCC_OPTIMIZATION_LEVEL = 0;
				GCC_PREPROCESSOR_DEFINITIONS = (
					"DEBUG=1",
					"$(inherited)",
				);
				GCC_WARN_64_TO_32_BIT_CONVERSION = YES;
				GCC_WARN_ABOUT_RETURN_TYPE = YES_ERROR;
				GCC_WARN_UNDECLARED_SELECTOR = YES;
				GCC_WARN_UNINITIALIZED_AUTOS = YES_AGGRESSIVE;
				GCC_WARN_UNUSED_FUNCTION = YES;
				GCC_WARN_UNUSED_VARIABLE = YES;
				IPHONEOS_DEPLOYMENT_TARGET = 12.0;
				MTL_ENABLE_DEBUG_INFO = INCLUDE_SOURCE;
				MTL_FAST_MATH = YES;
				ONLY_ACTIVE_ARCH = YES;
				SDKROOT = iphoneos;
			};
			name = Debug;
		};
		7A1AEE822562BC1A00BFBA5C /* Release */ = {
			isa = XCBuildConfiguration;
			buildSettings = {
				ALWAYS_SEARCH_USER_PATHS = NO;
				CLANG_ANALYZER_LOCALIZABILITY_NONLOCALIZED = YES;
				CLANG_ANALYZER_NONNULL = YES;
				CLANG_ANALYZER_NUMBER_OBJECT_CONVERSION = YES_AGGRESSIVE;
				CLANG_CXX_LANGUAGE_STANDARD = "gnu++14";
				CLANG_CXX_LIBRARY = "libc++";
				CLANG_ENABLE_MODULES = YES;
				CLANG_ENABLE_OBJC_ARC = NO;
				CLANG_ENABLE_OBJC_WEAK = YES;
				CLANG_WARN_BLOCK_CAPTURE_AUTORELEASING = YES;
				CLANG_WARN_BOOL_CONVERSION = YES;
				CLANG_WARN_COMMA = YES;
				CLANG_WARN_CONSTANT_CONVERSION = YES;
				CLANG_WARN_DEPRECATED_OBJC_IMPLEMENTATIONS = YES;
				CLANG_WARN_DIRECT_OBJC_ISA_USAGE = YES_ERROR;
				CLANG_WARN_DOCUMENTATION_COMMENTS = YES;
				CLANG_WARN_EMPTY_BODY = YES;
				CLANG_WARN_ENUM_CONVERSION = YES;
				CLANG_WARN_INFINITE_RECURSION = YES;
				CLANG_WARN_INT_CONVERSION = YES;
				CLANG_WARN_NON_LITERAL_NULL_CONVERSION = YES;
				CLANG_WARN_OBJC_IMPLICIT_RETAIN_SELF = YES;
				CLANG_WARN_OBJC_LITERAL_CONVERSION = YES;
				CLANG_WARN_OBJC_ROOT_CLASS = YES_ERROR;
				CLANG_WARN_QUOTED_INCLUDE_IN_FRAMEWORK_HEADER = YES;
				CLANG_WARN_RANGE_LOOP_ANALYSIS = YES;
				CLANG_WARN_STRICT_PROTOTYPES = YES;
				CLANG_WARN_SUSPICIOUS_MOVE = YES;
				CLANG_WARN_UNGUARDED_AVAILABILITY = YES_AGGRESSIVE;
				CLANG_WARN_UNREACHABLE_CODE = YES;
				CLANG_WARN__DUPLICATE_METHOD_MATCH = YES;
				COPY_PHASE_STRIP = NO;
				DEBUG_INFORMATION_FORMAT = "dwarf-with-dsym";
				ENABLE_NS_ASSERTIONS = NO;
				ENABLE_STRICT_OBJC_MSGSEND = YES;
				GCC_C_LANGUAGE_STANDARD = gnu11;
				GCC_NO_COMMON_BLOCKS = YES;
				GCC_WARN_64_TO_32_BIT_CONVERSION = YES;
				GCC_WARN_ABOUT_RETURN_TYPE = YES_ERROR;
				GCC_WARN_UNDECLARED_SELECTOR = YES;
				GCC_WARN_UNINITIALIZED_AUTOS = YES_AGGRESSIVE;
				GCC_WARN_UNUSED_FUNCTION = YES;
				GCC_WARN_UNUSED_VARIABLE = YES;
				IPHONEOS_DEPLOYMENT_TARGET = 12.0;
				MTL_ENABLE_DEBUG_INFO = NO;
				MTL_FAST_MATH = YES;
				SDKROOT = iphoneos;
				VALIDATE_PRODUCT = YES;
			};
			name = Release;
		};
		7A1AEE842562BC1A00BFBA5C /* Debug */ = {
			isa = XCBuildConfiguration;
			buildSettings = {
				ASSETCATALOG_COMPILER_APPICON_NAME = AppIcon;
				ASSETCATALOG_COMPILER_GLOBAL_ACCENT_COLOR_NAME = AccentColor;
				CODE_SIGN_STYLE = Automatic;
				DEVELOPMENT_TEAM = X44WA6279F;
				INFOPLIST_FILE = RSSReader/Info.plist;
				LD_RUNPATH_SEARCH_PATHS = (
					"$(inherited)",
					"@executable_path/Frameworks",
				);
				PRODUCT_BUNDLE_IDENTIFIER = com.arseniystrakh.RSSReader;
				PRODUCT_NAME = "$(TARGET_NAME)";
				TARGETED_DEVICE_FAMILY = "1,2";
			};
			name = Debug;
		};
		7A1AEE852562BC1A00BFBA5C /* Release */ = {
			isa = XCBuildConfiguration;
			buildSettings = {
				ASSETCATALOG_COMPILER_APPICON_NAME = AppIcon;
				ASSETCATALOG_COMPILER_GLOBAL_ACCENT_COLOR_NAME = AccentColor;
				CODE_SIGN_STYLE = Automatic;
				DEVELOPMENT_TEAM = X44WA6279F;
				INFOPLIST_FILE = RSSReader/Info.plist;
				LD_RUNPATH_SEARCH_PATHS = (
					"$(inherited)",
					"@executable_path/Frameworks",
				);
				PRODUCT_BUNDLE_IDENTIFIER = com.arseniystrakh.RSSReader;
				PRODUCT_NAME = "$(TARGET_NAME)";
				TARGETED_DEVICE_FAMILY = "1,2";
			};
			name = Release;
		};
		7A1AEE872562BC1A00BFBA5C /* Debug */ = {
			isa = XCBuildConfiguration;
			buildSettings = {
				CODE_SIGN_STYLE = Automatic;
				DEVELOPMENT_TEAM = X44WA6279F;
				INFOPLIST_FILE = RSSReaderTests/Info.plist;
				IPHONEOS_DEPLOYMENT_TARGET = 12.0;
				LD_RUNPATH_SEARCH_PATHS = (
					"$(inherited)",
					"@executable_path/Frameworks",
					"@loader_path/Frameworks",
				);
				PRODUCT_BUNDLE_IDENTIFIER = com.arseniystrakh.RSSReaderTests;
				PRODUCT_NAME = "$(TARGET_NAME)";
				TARGETED_DEVICE_FAMILY = "1,2";
			};
			name = Debug;
		};
		7A1AEE882562BC1A00BFBA5C /* Release */ = {
			isa = XCBuildConfiguration;
			buildSettings = {
				CODE_SIGN_STYLE = Automatic;
				DEVELOPMENT_TEAM = X44WA6279F;
				INFOPLIST_FILE = RSSReaderTests/Info.plist;
				IPHONEOS_DEPLOYMENT_TARGET = 12.0;
				LD_RUNPATH_SEARCH_PATHS = (
					"$(inherited)",
					"@executable_path/Frameworks",
					"@loader_path/Frameworks",
				);
				PRODUCT_BUNDLE_IDENTIFIER = com.arseniystrakh.RSSReaderTests;
				PRODUCT_NAME = "$(TARGET_NAME)";
				TARGETED_DEVICE_FAMILY = "1,2";
			};
			name = Release;
		};
/* End XCBuildConfiguration section */

/* Begin XCConfigurationList section */
		7A1AEE4F2562BC1700BFBA5C /* Build configuration list for PBXProject "RSSReader" */ = {
			isa = XCConfigurationList;
			buildConfigurations = (
				7A1AEE812562BC1A00BFBA5C /* Debug */,
				7A1AEE822562BC1A00BFBA5C /* Release */,
			);
			defaultConfigurationIsVisible = 0;
			defaultConfigurationName = Release;
		};
		7A1AEE832562BC1A00BFBA5C /* Build configuration list for PBXNativeTarget "RSSReader" */ = {
			isa = XCConfigurationList;
			buildConfigurations = (
				7A1AEE842562BC1A00BFBA5C /* Debug */,
				7A1AEE852562BC1A00BFBA5C /* Release */,
			);
			defaultConfigurationIsVisible = 0;
			defaultConfigurationName = Release;
		};
		7A1AEE862562BC1A00BFBA5C /* Build configuration list for PBXNativeTarget "RSSReaderTests" */ = {
			isa = XCConfigurationList;
			buildConfigurations = (
				7A1AEE872562BC1A00BFBA5C /* Debug */,
				7A1AEE882562BC1A00BFBA5C /* Release */,
			);
			defaultConfigurationIsVisible = 0;
			defaultConfigurationName = Release;
		};
/* End XCConfigurationList section */
	};
	rootObject = 7A1AEE4C2562BC1700BFBA5C /* Project object */;
}
